// !$*UTF8*$!
{
	archiveVersion = 1;
	classes = {
	};
	objectVersion = 56;
	objects = {

/* Begin PBXBuildFile section */
		E6878BAE2A8492EB00F66051 /* FlashvillaApp.swift in Sources */ = {isa = PBXBuildFile; fileRef = E6878BAD2A8492EB00F66051 /* FlashvillaApp.swift */; };
		E6878BB02A8492EB00F66051 /* ContentView.swift in Sources */ = {isa = PBXBuildFile; fileRef = E6878BAF2A8492EB00F66051 /* ContentView.swift */; };
		E6878BB22A8492ED00F66051 /* Assets.xcassets in Resources */ = {isa = PBXBuildFile; fileRef = E6878BB12A8492ED00F66051 /* Assets.xcassets */; };
		E6878BB52A8492ED00F66051 /* Preview Assets.xcassets in Resources */ = {isa = PBXBuildFile; fileRef = E6878BB42A8492ED00F66051 /* Preview Assets.xcassets */; };
		E6878BBD2A8544B400F66051 /* GesturesDemoView.swift in Sources */ = {isa = PBXBuildFile; fileRef = E6878BBC2A8544B300F66051 /* GesturesDemoView.swift */; };
		E6878BBF2A854D3D00F66051 /* VibrationsDemoView.swift in Sources */ = {isa = PBXBuildFile; fileRef = E6878BBE2A854D3D00F66051 /* VibrationsDemoView.swift */; };
		E6878BC12A85586D00F66051 /* DisableDemoView.swift in Sources */ = {isa = PBXBuildFile; fileRef = E6878BC02A85586D00F66051 /* DisableDemoView.swift */; };
		E6878BC32A8572E600F66051 /* TimerDemoView.swift in Sources */ = {isa = PBXBuildFile; fileRef = E6878BC22A8572E600F66051 /* TimerDemoView.swift */; };
		E6878BC52A85751600F66051 /* ToBackgroundDemoView.swift in Sources */ = {isa = PBXBuildFile; fileRef = E6878BC42A85751600F66051 /* ToBackgroundDemoView.swift */; };
		E6878BC82A85769800F66051 /* AccessabilityDemoView.swift in Sources */ = {isa = PBXBuildFile; fileRef = E6878BC72A85769800F66051 /* AccessabilityDemoView.swift */; };
		E6878BCA2A85D86900F66051 /* Card.swift in Sources */ = {isa = PBXBuildFile; fileRef = E6878BC92A85D86900F66051 /* Card.swift */; };
		E6878BCC2A85DA8C00F66051 /* CardView.swift in Sources */ = {isa = PBXBuildFile; fileRef = E6878BCB2A85DA8C00F66051 /* CardView.swift */; };
		E6878BCF2A87344D00F66051 /* EditCards.swift in Sources */ = {isa = PBXBuildFile; fileRef = E6878BCE2A87344D00F66051 /* EditCards.swift */; };
		E6878BD12A8886D400F66051 /* FileManager-DocumentsDirectory.swift in Sources */ = {isa = PBXBuildFile; fileRef = E6878BD02A8886D400F66051 /* FileManager-DocumentsDirectory.swift */; };
/* End PBXBuildFile section */

/* Begin PBXFileReference section */
		E6878BAA2A8492EB00F66051 /* Flashvilla.app */ = {isa = PBXFileReference; explicitFileType = wrapper.application; includeInIndex = 0; path = Flashvilla.app; sourceTree = BUILT_PRODUCTS_DIR; };
		E6878BAD2A8492EB00F66051 /* FlashvillaApp.swift */ = {isa = PBXFileReference; lastKnownFileType = sourcecode.swift; path = FlashvillaApp.swift; sourceTree = "<group>"; };
		E6878BAF2A8492EB00F66051 /* ContentView.swift */ = {isa = PBXFileReference; lastKnownFileType = sourcecode.swift; path = ContentView.swift; sourceTree = "<group>"; };
		E6878BB12A8492ED00F66051 /* Assets.xcassets */ = {isa = PBXFileReference; lastKnownFileType = folder.assetcatalog; path = Assets.xcassets; sourceTree = "<group>"; };
		E6878BB42A8492ED00F66051 /* Preview Assets.xcassets */ = {isa = PBXFileReference; lastKnownFileType = folder.assetcatalog; path = "Preview Assets.xcassets"; sourceTree = "<group>"; };
		E6878BBC2A8544B300F66051 /* GesturesDemoView.swift */ = {isa = PBXFileReference; lastKnownFileType = sourcecode.swift; path = GesturesDemoView.swift; sourceTree = "<group>"; };
		E6878BBE2A854D3D00F66051 /* VibrationsDemoView.swift */ = {isa = PBXFileReference; lastKnownFileType = sourcecode.swift; path = VibrationsDemoView.swift; sourceTree = "<group>"; };
		E6878BC02A85586D00F66051 /* DisableDemoView.swift */ = {isa = PBXFileReference; lastKnownFileType = sourcecode.swift; path = DisableDemoView.swift; sourceTree = "<group>"; };
		E6878BC22A8572E600F66051 /* TimerDemoView.swift */ = {isa = PBXFileReference; lastKnownFileType = sourcecode.swift; path = TimerDemoView.swift; sourceTree = "<group>"; };
		E6878BC42A85751600F66051 /* ToBackgroundDemoView.swift */ = {isa = PBXFileReference; lastKnownFileType = sourcecode.swift; path = ToBackgroundDemoView.swift; sourceTree = "<group>"; };
		E6878BC72A85769800F66051 /* AccessabilityDemoView.swift */ = {isa = PBXFileReference; lastKnownFileType = sourcecode.swift; path = AccessabilityDemoView.swift; sourceTree = "<group>"; };
		E6878BC92A85D86900F66051 /* Card.swift */ = {isa = PBXFileReference; lastKnownFileType = sourcecode.swift; path = Card.swift; sourceTree = "<group>"; };
		E6878BCB2A85DA8C00F66051 /* CardView.swift */ = {isa = PBXFileReference; lastKnownFileType = sourcecode.swift; path = CardView.swift; sourceTree = "<group>"; };
		E6878BCE2A87344D00F66051 /* EditCards.swift */ = {isa = PBXFileReference; lastKnownFileType = sourcecode.swift; path = EditCards.swift; sourceTree = "<group>"; };
		E6878BD02A8886D400F66051 /* FileManager-DocumentsDirectory.swift */ = {isa = PBXFileReference; fileEncoding = 4; lastKnownFileType = sourcecode.swift; path = "FileManager-DocumentsDirectory.swift"; sourceTree = "<group>"; };
/* End PBXFileReference section */

/* Begin PBXFrameworksBuildPhase section */
		E6878BA72A8492EB00F66051 /* Frameworks */ = {
			isa = PBXFrameworksBuildPhase;
			buildActionMask = 2147483647;
			files = (
			);
			runOnlyForDeploymentPostprocessing = 0;
		};
/* End PBXFrameworksBuildPhase section */

/* Begin PBXGroup section */
		E6878BA12A8492EB00F66051 = {
			isa = PBXGroup;
			children = (
				E6878BBB2A85447F00F66051 /* Techniques */,
				E6878BAC2A8492EB00F66051 /* Flashvilla */,
				E6878BAB2A8492EB00F66051 /* Products */,
			);
			sourceTree = "<group>";
		};
		E6878BAB2A8492EB00F66051 /* Products */ = {
			isa = PBXGroup;
			children = (
				E6878BAA2A8492EB00F66051 /* Flashvilla.app */,
			);
			name = Products;
			sourceTree = "<group>";
		};
		E6878BAC2A8492EB00F66051 /* Flashvilla */ = {
			isa = PBXGroup;
			children = (
				E6878BD02A8886D400F66051 /* FileManager-DocumentsDirectory.swift */,
				E6878BAD2A8492EB00F66051 /* FlashvillaApp.swift */,
				E6878BAF2A8492EB00F66051 /* ContentView.swift */,
				E6878BB12A8492ED00F66051 /* Assets.xcassets */,
				E6878BB32A8492ED00F66051 /* Preview Content */,
				E6878BC92A85D86900F66051 /* Card.swift */,
				E6878BCD2A85DAA200F66051 /* Views */,
			);
			path = Flashvilla;
			sourceTree = "<group>";
		};
		E6878BB32A8492ED00F66051 /* Preview Content */ = {
			isa = PBXGroup;
			children = (
				E6878BB42A8492ED00F66051 /* Preview Assets.xcassets */,
			);
			path = "Preview Content";
			sourceTree = "<group>";
		};
		E6878BBB2A85447F00F66051 /* Techniques */ = {
			isa = PBXGroup;
			children = (
				E6878BBC2A8544B300F66051 /* GesturesDemoView.swift */,
				E6878BBE2A854D3D00F66051 /* VibrationsDemoView.swift */,
				E6878BC02A85586D00F66051 /* DisableDemoView.swift */,
				E6878BC22A8572E600F66051 /* TimerDemoView.swift */,
				E6878BC42A85751600F66051 /* ToBackgroundDemoView.swift */,
				E6878BC72A85769800F66051 /* AccessabilityDemoView.swift */,
			);
			path = Techniques;
			sourceTree = "<group>";
		};
		E6878BCD2A85DAA200F66051 /* Views */ = {
			isa = PBXGroup;
			children = (
				E6878BCB2A85DA8C00F66051 /* CardView.swift */,
				E6878BCE2A87344D00F66051 /* EditCards.swift */,
			);
			path = Views;
			sourceTree = "<group>";
		};
/* End PBXGroup section */

/* Begin PBXNativeTarget section */
		E6878BA92A8492EB00F66051 /* Flashvilla */ = {
			isa = PBXNativeTarget;
			buildConfigurationList = E6878BB82A8492ED00F66051 /* Build configuration list for PBXNativeTarget "Flashvilla" */;
			buildPhases = (
				E6878BA62A8492EB00F66051 /* Sources */,
				E6878BA72A8492EB00F66051 /* Frameworks */,
				E6878BA82A8492EB00F66051 /* Resources */,
			);
			buildRules = (
			);
			dependencies = (
			);
			name = Flashvilla;
			productName = Flashvilla;
			productReference = E6878BAA2A8492EB00F66051 /* Flashvilla.app */;
			productType = "com.apple.product-type.application";
		};
/* End PBXNativeTarget section */

/* Begin PBXProject section */
		E6878BA22A8492EB00F66051 /* Project object */ = {
			isa = PBXProject;
			attributes = {
				BuildIndependentTargetsInParallel = 1;
				LastSwiftUpdateCheck = 1430;
				LastUpgradeCheck = 1430;
				TargetAttributes = {
					E6878BA92A8492EB00F66051 = {
						CreatedOnToolsVersion = 14.3.1;
					};
				};
			};
			buildConfigurationList = E6878BA52A8492EB00F66051 /* Build configuration list for PBXProject "Flashvilla" */;
			compatibilityVersion = "Xcode 14.0";
			developmentRegion = en;
			hasScannedForEncodings = 0;
			knownRegions = (
				en,
				Base,
			);
			mainGroup = E6878BA12A8492EB00F66051;
			productRefGroup = E6878BAB2A8492EB00F66051 /* Products */;
			projectDirPath = "";
			projectRoot = "";
			targets = (
				E6878BA92A8492EB00F66051 /* Flashvilla */,
			);
		};
/* End PBXProject section */

/* Begin PBXResourcesBuildPhase section */
		E6878BA82A8492EB00F66051 /* Resources */ = {
			isa = PBXResourcesBuildPhase;
			buildActionMask = 2147483647;
			files = (
				E6878BB52A8492ED00F66051 /* Preview Assets.xcassets in Resources */,
				E6878BB22A8492ED00F66051 /* Assets.xcassets in Resources */,
			);
			runOnlyForDeploymentPostprocessing = 0;
		};
/* End PBXResourcesBuildPhase section */

/* Begin PBXSourcesBuildPhase section */
		E6878BA62A8492EB00F66051 /* Sources */ = {
			isa = PBXSourcesBuildPhase;
			buildActionMask = 2147483647;
			files = (
				E6878BBF2A854D3D00F66051 /* VibrationsDemoView.swift in Sources */,
				E6878BCA2A85D86900F66051 /* Card.swift in Sources */,
				E6878BC52A85751600F66051 /* ToBackgroundDemoView.swift in Sources */,
				E6878BB02A8492EB00F66051 /* ContentView.swift in Sources */,
				E6878BCF2A87344D00F66051 /* EditCards.swift in Sources */,
				E6878BCC2A85DA8C00F66051 /* CardView.swift in Sources */,
				E6878BD12A8886D400F66051 /* FileManager-DocumentsDirectory.swift in Sources */,
				E6878BC12A85586D00F66051 /* DisableDemoView.swift in Sources */,
				E6878BC32A8572E600F66051 /* TimerDemoView.swift in Sources */,
				E6878BBD2A8544B400F66051 /* GesturesDemoView.swift in Sources */,
				E6878BC82A85769800F66051 /* AccessabilityDemoView.swift in Sources */,
				E6878BAE2A8492EB00F66051 /* FlashvillaApp.swift in Sources */,
			);
			runOnlyForDeploymentPostprocessing = 0;
		};
/* End PBXSourcesBuildPhase section */

/* Begin XCBuildConfiguration section */
		E6878BB62A8492ED00F66051 /* Debug */ = {
			isa = XCBuildConfiguration;
			buildSettings = {
				ALWAYS_SEARCH_USER_PATHS = NO;
				CLANG_ANALYZER_NONNULL = YES;
				CLANG_ANALYZER_NUMBER_OBJECT_CONVERSION = YES_AGGRESSIVE;
				CLANG_CXX_LANGUAGE_STANDARD = "gnu++20";
				CLANG_ENABLE_MODULES = YES;
				CLANG_ENABLE_OBJC_ARC = YES;
				CLANG_ENABLE_OBJC_WEAK = YES;
				CLANG_WARN_BLOCK_CAPTURE_AUTORELEASING = YES;
				CLANG_WARN_BOOL_CONVERSION = YES;
				CLANG_WARN_COMMA = YES;
				CLANG_WARN_CONSTANT_CONVERSION = YES;
				CLANG_WARN_DEPRECATED_OBJC_IMPLEMENTATIONS = YES;
				CLANG_WARN_DIRECT_OBJC_ISA_USAGE = YES_ERROR;
				CLANG_WARN_DOCUMENTATION_COMMENTS = YES;
				CLANG_WARN_EMPTY_BODY = YES;
				CLANG_WARN_ENUM_CONVERSION = YES;
				CLANG_WARN_INFINITE_RECURSION = YES;
				CLANG_WARN_INT_CONVERSION = YES;
				CLANG_WARN_NON_LITERAL_NULL_CONVERSION = YES;
				CLANG_WARN_OBJC_IMPLICIT_RETAIN_SELF = YES;
				CLANG_WARN_OBJC_LITERAL_CONVERSION = YES;
				CLANG_WARN_OBJC_ROOT_CLASS = YES_ERROR;
				CLANG_WARN_QUOTED_INCLUDE_IN_FRAMEWORK_HEADER = YES;
				CLANG_WARN_RANGE_LOOP_ANALYSIS = YES;
				CLANG_WARN_STRICT_PROTOTYPES = YES;
				CLANG_WARN_SUSPICIOUS_MOVE = YES;
				CLANG_WARN_UNGUARDED_AVAILABILITY = YES_AGGRESSIVE;
				CLANG_WARN_UNREACHABLE_CODE = YES;
				CLANG_WARN__DUPLICATE_METHOD_MATCH = YES;
				COPY_PHASE_STRIP = NO;
				DEBUG_INFORMATION_FORMAT = dwarf;
				ENABLE_STRICT_OBJC_MSGSEND = YES;
				ENABLE_TESTABILITY = YES;
				GCC_C_LANGUAGE_STANDARD = gnu11;
				GCC_DYNAMIC_NO_PIC = NO;
				GCC_NO_COMMON_BLOCKS = YES;
				GCC_OPTIMIZATION_LEVEL = 0;
				GCC_PREPROCESSOR_DEFINITIONS = (
					"DEBUG=1",
					"$(inherited)",
				);
				GCC_WARN_64_TO_32_BIT_CONVERSION = YES;
				GCC_WARN_ABOUT_RETURN_TYPE = YES_ERROR;
				GCC_WARN_UNDECLARED_SELECTOR = YES;
				GCC_WARN_UNINITIALIZED_AUTOS = YES_AGGRESSIVE;
				GCC_WARN_UNUSED_FUNCTION = YES;
				GCC_WARN_UNUSED_VARIABLE = YES;
				IPHONEOS_DEPLOYMENT_TARGET = 16.4;
				MTL_ENABLE_DEBUG_INFO = INCLUDE_SOURCE;
				MTL_FAST_MATH = YES;
				ONLY_ACTIVE_ARCH = YES;
				SDKROOT = iphoneos;
				SWIFT_ACTIVE_COMPILATION_CONDITIONS = DEBUG;
				SWIFT_OPTIMIZATION_LEVEL = "-Onone";
			};
			name = Debug;
		};
		E6878BB72A8492ED00F66051 /* Release */ = {
			isa = XCBuildConfiguration;
			buildSettings = {
				ALWAYS_SEARCH_USER_PATHS = NO;
				CLANG_ANALYZER_NONNULL = YES;
				CLANG_ANALYZER_NUMBER_OBJECT_CONVERSION = YES_AGGRESSIVE;
				CLANG_CXX_LANGUAGE_STANDARD = "gnu++20";
				CLANG_ENABLE_MODULES = YES;
				CLANG_ENABLE_OBJC_ARC = YES;
				CLANG_ENABLE_OBJC_WEAK = YES;
				CLANG_WARN_BLOCK_CAPTURE_AUTORELEASING = YES;
				CLANG_WARN_BOOL_CONVERSION = YES;
				CLANG_WARN_COMMA = YES;
				CLANG_WARN_CONSTANT_CONVERSION = YES;
				CLANG_WARN_DEPRECATED_OBJC_IMPLEMENTATIONS = YES;
				CLANG_WARN_DIRECT_OBJC_ISA_USAGE = YES_ERROR;
				CLANG_WARN_DOCUMENTATION_COMMENTS = YES;
				CLANG_WARN_EMPTY_BODY = YES;
				CLANG_WARN_ENUM_CONVERSION = YES;
				CLANG_WARN_INFINITE_RECURSION = YES;
				CLANG_WARN_INT_CONVERSION = YES;
				CLANG_WARN_NON_LITERAL_NULL_CONVERSION = YES;
				CLANG_WARN_OBJC_IMPLICIT_RETAIN_SELF = YES;
				CLANG_WARN_OBJC_LITERAL_CONVERSION = YES;
				CLANG_WARN_OBJC_ROOT_CLASS = YES_ERROR;
				CLANG_WARN_QUOTED_INCLUDE_IN_FRAMEWORK_HEADER = YES;
				CLANG_WARN_RANGE_LOOP_ANALYSIS = YES;
				CLANG_WARN_STRICT_PROTOTYPES = YES;
				CLANG_WARN_SUSPICIOUS_MOVE = YES;
				CLANG_WARN_UNGUARDED_AVAILABILITY = YES_AGGRESSIVE;
				CLANG_WARN_UNREACHABLE_CODE = YES;
				CLANG_WARN__DUPLICATE_METHOD_MATCH = YES;
				COPY_PHASE_STRIP = NO;
				DEBUG_INFORMATION_FORMAT = "dwarf-with-dsym";
				ENABLE_NS_ASSERTIONS = NO;
				ENABLE_STRICT_OBJC_MSGSEND = YES;
				GCC_C_LANGUAGE_STANDARD = gnu11;
				GCC_NO_COMMON_BLOCKS = YES;
				GCC_WARN_64_TO_32_BIT_CONVERSION = YES;
				GCC_WARN_ABOUT_RETURN_TYPE = YES_ERROR;
				GCC_WARN_UNDECLARED_SELECTOR = YES;
				GCC_WARN_UNINITIALIZED_AUTOS = YES_AGGRESSIVE;
				GCC_WARN_UNUSED_FUNCTION = YES;
				GCC_WARN_UNUSED_VARIABLE = YES;
				IPHONEOS_DEPLOYMENT_TARGET = 16.4;
				MTL_ENABLE_DEBUG_INFO = NO;
				MTL_FAST_MATH = YES;
				SDKROOT = iphoneos;
				SWIFT_COMPILATION_MODE = wholemodule;
				SWIFT_OPTIMIZATION_LEVEL = "-O";
				VALIDATE_PRODUCT = YES;
			};
			name = Release;
		};
		E6878BB92A8492ED00F66051 /* Debug */ = {
			isa = XCBuildConfiguration;
			buildSettings = {
				ASSETCATALOG_COMPILER_APPICON_NAME = AppIcon;
				ASSETCATALOG_COMPILER_GLOBAL_ACCENT_COLOR_NAME = AccentColor;
				CODE_SIGN_STYLE = Automatic;
				CURRENT_PROJECT_VERSION = 1;
				DEVELOPMENT_ASSET_PATHS = "\"Flashvilla/Preview Content\"";
				DEVELOPMENT_TEAM = YB46Q2GKPA;
				ENABLE_PREVIEWS = YES;
				GENERATE_INFOPLIST_FILE = YES;
				INFOPLIST_KEY_UIApplicationSceneManifest_Generation = YES;
				INFOPLIST_KEY_UIApplicationSupportsIndirectInputEvents = YES;
				INFOPLIST_KEY_UILaunchScreen_Generation = YES;
				INFOPLIST_KEY_UISupportedInterfaceOrientations_iPad = "UIInterfaceOrientationPortrait UIInterfaceOrientationPortraitUpsideDown UIInterfaceOrientationLandscapeLeft UIInterfaceOrientationLandscapeRight";
				INFOPLIST_KEY_UISupportedInterfaceOrientations_iPhone = "UIInterfaceOrientationLandscapeLeft UIInterfaceOrientationLandscapeRight";
				LD_RUNPATH_SEARCH_PATHS = (
					"$(inherited)",
					"@executable_path/Frameworks",
				);
				MARKETING_VERSION = 1.0;
				PRODUCT_BUNDLE_IDENTIFIER = "com.tucker-dev.Flashvilla";
				PRODUCT_NAME = "$(TARGET_NAME)";
				SWIFT_EMIT_LOC_STRINGS = YES;
				SWIFT_VERSION = 5.0;
				TARGETED_DEVICE_FAMILY = "1,2";
			};
			name = Debug;
		};
		E6878BBA2A8492ED00F66051 /* Release */ = {
			isa = XCBuildConfiguration;
			buildSettings = {
				ASSETCATALOG_COMPILER_APPICON_NAME = AppIcon;
				ASSETCATALOG_COMPILER_GLOBAL_ACCENT_COLOR_NAME = AccentColor;
				CODE_SIGN_STYLE = Automatic;
				CURRENT_PROJECT_VERSION = 1;
				DEVELOPMENT_ASSET_PATHS = "\"Flashvilla/Preview Content\"";
				DEVELOPMENT_TEAM = YB46Q2GKPA;
				ENABLE_PREVIEWS = YES;
				GENERATE_INFOPLIST_FILE = YES;
				INFOPLIST_KEY_UIApplicationSceneManifest_Generation = YES;
				INFOPLIST_KEY_UIApplicationSupportsIndirectInputEvents = YES;
				INFOPLIST_KEY_UILaunchScreen_Generation = YES;
				INFOPLIST_KEY_UISupportedInterfaceOrientations_iPad = "UIInterfaceOrientationPortrait UIInterfaceOrientationPortraitUpsideDown UIInterfaceOrientationLandscapeLeft UIInterfaceOrientationLandscapeRight";
				INFOPLIST_KEY_UISupportedInterfaceOrientations_iPhone = "UIInterfaceOrientationLandscapeLeft UIInterfaceOrientationLandscapeRight";
				LD_RUNPATH_SEARCH_PATHS = (
					"$(inherited)",
					"@executable_path/Frameworks",
				);
				MARKETING_VERSION = 1.0;
				PRODUCT_BUNDLE_IDENTIFIER = "com.tucker-dev.Flashvilla";
				PRODUCT_NAME = "$(TARGET_NAME)";
				SWIFT_EMIT_LOC_STRINGS = YES;
				SWIFT_VERSION = 5.0;
				TARGETED_DEVICE_FAMILY = "1,2";
			};
			name = Release;
		};
/* End XCBuildConfiguration section */

/* Begin XCConfigurationList section */
		E6878BA52A8492EB00F66051 /* Build configuration list for PBXProject "Flashvilla" */ = {
			isa = XCConfigurationList;
			buildConfigurations = (
				E6878BB62A8492ED00F66051 /* Debug */,
				E6878BB72A8492ED00F66051 /* Release */,
			);
			defaultConfigurationIsVisible = 0;
			defaultConfigurationName = Release;
		};
		E6878BB82A8492ED00F66051 /* Build configuration list for PBXNativeTarget "Flashvilla" */ = {
			isa = XCConfigurationList;
			buildConfigurations = (
				E6878BB92A8492ED00F66051 /* Debug */,
				E6878BBA2A8492ED00F66051 /* Release */,
			);
			defaultConfigurationIsVisible = 0;
			defaultConfigurationName = Release;
		};
/* End XCConfigurationList section */
	};
	rootObject = E6878BA22A8492EB00F66051 /* Project object */;
}
